
Microsoft Visual Studio Solution File, Format Version 12.00
Project("{FAE04EC0-301F-11D3-BF4B-00C04F79EFBC}") = "Tests", "Tests\Tests.csproj", "{1208BEE1-B0AD-4E3E-AEC4-3F952B069961}"
EndProject
Project("{FAE04EC0-301F-11D3-BF4B-00C04F79EFBC}") = "Yarp", "Yarp\Yarp.csproj", "{6659A8EC-6AC1-4830-8D4C-8F773A6C59BA}"
EndProject
Global
	GlobalSection(SolutionConfigurationPlatforms) = preSolution
		Debug|Any CPU = Debug|Any CPU
		Release|Any CPU = Release|Any CPU
	EndGlobalSection
	GlobalSection(ProjectConfigurationPlatforms) = postSolution
		{1208BEE1-B0AD-4E3E-AEC4-3F952B069961}.Debug|Any CPU.ActiveCfg = Debug|Any CPU
		{1208BEE1-B0AD-4E3E-AEC4-3F952B069961}.Debug|Any CPU.Build.0 = Debug|Any CPU
		{1208BEE1-B0AD-4E3E-AEC4-3F952B069961}.Release|Any CPU.ActiveCfg = Release|Any CPU
		{1208BEE1-B0AD-4E3E-AEC4-3F952B069961}.Release|Any CPU.Build.0 = Release|Any CPU
		{6659A8EC-6AC1-4830-8D4C-8F773A6C59BA}.Debug|Any CPU.ActiveCfg = Debug|Any CPU
		{6659A8EC-6AC1-4830-8D4C-8F773A6C59BA}.Debug|Any CPU.Build.0 = Debug|Any CPU
		{6659A8EC-6AC1-4830-8D4C-8F773A6C59BA}.Release|Any CPU.ActiveCfg = Release|Any CPU
		{6659A8EC-6AC1-4830-8D4C-8F773A6C59BA}.Release|Any CPU.Build.0 = Release|Any CPU
	EndGlobalSection
EndGlobal
